<?xml version="1.0" encoding="utf-8"?>
<Project ToolsVersion="4.0" xmlns="http://schemas.microsoft.com/developer/msbuild/2003">
  <ItemGroup>
    <Filter Include="Source Files">
      <UniqueIdentifier>{4FC737F1-C7A5-4376-A066-2A32D752A2FF}</UniqueIdentifier>
      <Extensions>cpp;c;cc;cxx;c++;cppm;ixx;def;odl;idl;hpj;bat;asm;asmx</Extensions>
    </Filter>
    <Filter Include="Header Files">
      <UniqueIdentifier>{93995380-89BD-4b04-88EB-625FBE52EBFB}</UniqueIdentifier>
      <Extensions>h;hh;hpp;hxx;h++;hm;inl;inc;ipp;xsd</Extensions>
    </Filter>
    <Filter Include="Resource Files">
      <UniqueIdentifier>{67DA6AB6-F800-4c08-8B7A-83BB121AAD01}</UniqueIdentifier>
      <Extensions>rc;ico;cur;bmp;dlg;rc2;rct;bin;rgs;gif;jpg;jpeg;jpe;resx;tiff;tif;png;wav;mfcribbon-ms</Extensions>
    </Filter>
    <Filter Include="Header Files\Components">
      <UniqueIdentifier>{77d113b2-c9f5-4d84-8448-bc03120de1fe}</UniqueIdentifier>
    </Filter>
    <Filter Include="Source Files\Components">
      <UniqueIdentifier>{e7c45395-65d5-465c-986c-3297d7cd9bdf}</UniqueIdentifier>
    </Filter>
    <Filter Include="Source Files\Player">
      <UniqueIdentifier>{9dfc98d2-435a-4546-85b2-9965f936649a}</UniqueIdentifier>
    </Filter>
    <Filter Include="Header Files\Player">
      <UniqueIdentifier>{b65375ba-e021-4aa1-9f75-d12c89d5b88b}</UniqueIdentifier>
    </Filter>
    <Filter Include="Header Files\Enemy">
      <UniqueIdentifier>{c8057261-f4de-439f-aaf2-9ccc687170e6}</UniqueIdentifier>
    </Filter>
    <Filter Include="Header Files\Snowball">
      <UniqueIdentifier>{45dbaece-dc3f-4c05-ba3f-e9b7d51f588a}</UniqueIdentifier>
    </Filter>
    <Filter Include="Header Files\SDL">
      <UniqueIdentifier>{ba243176-96ba-484b-9ee5-c7a4ad07a57e}</UniqueIdentifier>
    </Filter>
    <Filter Include="Source Files\SDL">
      <UniqueIdentifier>{64f52777-c8be-434e-b572-a452b6e5b213}</UniqueIdentifier>
    </Filter>
    <Filter Include="Source Files\Snowball">
      <UniqueIdentifier>{93ecac02-e489-4b3e-ad42-837c5a4e8792}</UniqueIdentifier>
    </Filter>
    <Filter Include="Source Files\Enemy">
      <UniqueIdentifier>{c8d05d11-fc5c-4f54-9e11-06995d89f314}</UniqueIdentifier>
    </Filter>
    <Filter Include="Header Files\UI">
      <UniqueIdentifier>{3ab01a38-cc34-4312-91cb-7a684a6ec938}</UniqueIdentifier>
    </Filter>
    <Filter Include="Source Files\UI">
      <UniqueIdentifier>{7f284b33-3986-483c-a8d6-5c2ec4f6a05b}</UniqueIdentifier>
    </Filter>
    <Filter Include="Source Files\Powerups">
      <UniqueIdentifier>{decf9175-6f17-47e1-b331-a5a0ae3f5872}</UniqueIdentifier>
    </Filter>
    <Filter Include="Header Files\Powerups">
      <UniqueIdentifier>{65290f67-65e0-4e38-a537-abc372c7827e}</UniqueIdentifier>
    </Filter>
  </ItemGroup>
  <ItemGroup>
    <ClCompile Include="main.cpp">
      <Filter>Source Files</Filter>
    </ClCompile>
    <ClCompile Include="Timer.cpp">
      <Filter>Source Files</Filter>
    </ClCompile>
    <ClCompile Include="Game.cpp">
      <Filter>Source Files</Filter>
    </ClCompile>
    <ClCompile Include="Renderer.cpp">
      <Filter>Source Files\Components</Filter>
    </ClCompile>
    <ClCompile Include="CircleCollider.cpp">
      <Filter>Source Files\Components</Filter>
    </ClCompile>
    <ClCompile Include="Player.cpp">
      <Filter>Source Files\Player</Filter>
    </ClCompile>
    <ClCompile Include="Input.cpp">
      <Filter>Source Files\Player</Filter>
    </ClCompile>
    <ClCompile Include="ScoreController.cpp">
      <Filter>Source Files</Filter>
    </ClCompile>
    <ClCompile Include="Enemy.cpp">
      <Filter>Source Files\Enemy</Filter>
    </ClCompile>
    <ClCompile Include="EnemySpawner.cpp">
      <Filter>Source Files\Enemy</Filter>
    </ClCompile>
    <ClCompile Include="Snowball.cpp">
      <Filter>Source Files\Snowball</Filter>
    </ClCompile>
    <ClCompile Include="SnowballController.cpp">
      <Filter>Source Files\Snowball</Filter>
    </ClCompile>
    <ClCompile Include="Text.cpp">
      <Filter>Source Files\SDL</Filter>
    </ClCompile>
    <ClCompile Include="Sprite.cpp">
      <Filter>Source Files\SDL</Filter>
    </ClCompile>
    <ClCompile Include="Window.cpp">
      <Filter>Source Files\SDL</Filter>
    </ClCompile>
    <ClCompile Include="Button.cpp">
      <Filter>Source Files\UI</Filter>
    </ClCompile>
    <ClCompile Include="MenuController.cpp">
      <Filter>Source Files\UI</Filter>
    </ClCompile>
    <ClCompile Include="PlayerMovement.cpp">
      <Filter>Source Files\Player</Filter>
    </ClCompile>
    <ClCompile Include="PlayerAim.cpp">
      <Filter>Source Files\Player</Filter>
    </ClCompile>
    <ClCompile Include="Powerup.cpp">
      <Filter>Source Files\Powerups</Filter>
    </ClCompile>
    <ClCompile Include="PowerupController.cpp">
      <Filter>Source Files\Powerups</Filter>
    </ClCompile>
  </ItemGroup>
  <ItemGroup>
    <ClInclude Include="Vec.h">
      <Filter>Header Files</Filter>
    </ClInclude>
    <ClInclude Include="Timer.h">
      <Filter>Header Files</Filter>
    </ClInclude>
    <ClInclude Include="Game.h">
      <Filter>Header Files</Filter>
    </ClInclude>
    <ClInclude Include="Transform.h">
      <Filter>Header Files\Components</Filter>
    </ClInclude>
    <ClInclude Include="Renderer.h">
      <Filter>Header Files\Components</Filter>
    </ClInclude>
    <ClInclude Include="Entity.h">
      <Filter>Header Files</Filter>
    </ClInclude>
    <ClInclude Include="CircleCollider.h">
      <Filter>Header Files\Components</Filter>
    </ClInclude>
    <ClInclude Include="ObjectPool.h">
      <Filter>Header Files</Filter>
    </ClInclude>
    <ClInclude Include="Input.h">
      <Filter>Header Files\Player</Filter>
    </ClInclude>
    <ClInclude Include="Mouse.h">
      <Filter>Header Files\Player</Filter>
    </ClInclude>
    <ClInclude Include="Player.h">
      <Filter>Header Files\Player</Filter>
    </ClInclude>
    <ClInclude Include="ScoreController.h">
      <Filter>Header Files</Filter>
    </ClInclude>
    <ClInclude Include="Enemy.h">
      <Filter>Header Files\Enemy</Filter>
    </ClInclude>
    <ClInclude Include="EnemySpawner.h">
      <Filter>Header Files\Enemy</Filter>
    </ClInclude>
    <ClInclude Include="SnowballController.h">
      <Filter>Header Files\Snowball</Filter>
    </ClInclude>
    <ClInclude Include="Snowball.h">
      <Filter>Header Files\Snowball</Filter>
    </ClInclude>
    <ClInclude Include="Window.h">
      <Filter>Header Files\SDL</Filter>
    </ClInclude>
    <ClInclude Include="Sprite.h">
      <Filter>Header Files\SDL</Filter>
    </ClInclude>
    <ClInclude Include="Text.h">
      <Filter>Header Files\SDL</Filter>
    </ClInclude>
    <ClInclude Include="resource.h">
      <Filter>Header Files</Filter>
    </ClInclude>
    <ClInclude Include="Button.h">
      <Filter>Header Files\UI</Filter>
    </ClInclude>
    <ClInclude Include="MenuController.h">
      <Filter>Header Files\UI</Filter>
    </ClInclude>
    <ClInclude Include="PlayerMovement.h">
      <Filter>Header Files\Player</Filter>
    </ClInclude>
    <ClInclude Include="PlayerAim.h">
      <Filter>Header Files\Player</Filter>
    </ClInclude>
    <ClInclude Include="PowerupController.h">
      <Filter>Header Files\Powerups</Filter>
    </ClInclude>
    <ClInclude Include="Powerup.h">
      <Filter>Header Files\Powerups</Filter>
    </ClInclude>
  </ItemGroup>
</Project>